
Microsoft Visual Studio Solution File, Format Version 12.00
# Visual Studio Version 17
VisualStudioVersion = 17.12.35521.163 d17.12
MinimumVisualStudioVersion = 10.0.40219.1
Project("{FAE04EC0-301F-11D3-BF4B-00C04F79EFBC}") = "Presentation.Console.MainApp", "Presentation.Console.MainApp\Presentation.Console.MainApp.csproj", "{D038FADE-A616-4E0F-91A0-980C64AD9516}"
EndProject
Project("{FAE04EC0-301F-11D3-BF4B-00C04F79EFBC}") = "Business", "Business\Business.csproj", "{BFF45959-2C84-433A-8801-4954E72F08B4}"
EndProject
Project("{FAE04EC0-301F-11D3-BF4B-00C04F79EFBC}") = "Presentation.MauiBlazer.MainApp", "Presentation.MauiBlazer.MainApp\Presentation.MauiBlazer.MainApp.csproj", "{2B69E100-73EC-4E71-A51B-3CFD05C141E1}"
EndProject
Global
	GlobalSection(SolutionConfigurationPlatforms) = preSolution
		Debug|Any CPU = Debug|Any CPU
		Release|Any CPU = Release|Any CPU
	EndGlobalSection
	GlobalSection(ProjectConfigurationPlatforms) = postSolution
		{D038FADE-A616-4E0F-91A0-980C64AD9516}.Debug|Any CPU.ActiveCfg = Debug|Any CPU
		{D038FADE-A616-4E0F-91A0-980C64AD9516}.Debug|Any CPU.Build.0 = Debug|Any CPU
		{D038FADE-A616-4E0F-91A0-980C64AD9516}.Release|Any CPU.ActiveCfg = Release|Any CPU
		{D038FADE-A616-4E0F-91A0-980C64AD9516}.Release|Any CPU.Build.0 = Release|Any CPU
		{BFF45959-2C84-433A-8801-4954E72F08B4}.Debug|Any CPU.ActiveCfg = Debug|Any CPU
		{BFF45959-2C84-433A-8801-4954E72F08B4}.Debug|Any CPU.Build.0 = Debug|Any CPU
		{BFF45959-2C84-433A-8801-4954E72F08B4}.Release|Any CPU.ActiveCfg = Release|Any CPU
		{BFF45959-2C84-433A-8801-4954E72F08B4}.Release|Any CPU.Build.0 = Release|Any CPU
		{2B69E100-73EC-4E71-A51B-3CFD05C141E1}.Debug|Any CPU.ActiveCfg = Debug|Any CPU
		{2B69E100-73EC-4E71-A51B-3CFD05C141E1}.Debug|Any CPU.Build.0 = Debug|Any CPU
		{2B69E100-73EC-4E71-A51B-3CFD05C141E1}.Release|Any CPU.ActiveCfg = Release|Any CPU
		{2B69E100-73EC-4E71-A51B-3CFD05C141E1}.Release|Any CPU.Build.0 = Release|Any CPU
	EndGlobalSection
	GlobalSection(SolutionProperties) = preSolution
		HideSolutionNode = FALSE
	EndGlobalSection
EndGlobal
